
Microsoft Visual Studio Solution File, Format Version 12.00
# Visual Studio Version 17
VisualStudioVersion = 17.8.34330.188
MinimumVisualStudioVersion = 10.0.40219.1
Project("{2150E333-8FDC-42A3-9474-1A3956D46DE8}") = "services", "services", "{11111111-0000-0000-0000-000000000001}"
EndProject
Project("{2150E333-8FDC-42A3-9474-1A3956D46DE8}") = "tests", "tests", "{11111111-0000-0000-0000-000000000002}"
EndProject
Project("{FAE04EC0-301F-11D3-BF4B-00C04F79EFBC}") = "UserService", "services\UserService\UserService.csproj", "{AAAAAAAA-0000-0000-0000-000000000001}"
EndProject
Project("{FAE04EC0-301F-11D3-BF4B-00C04F79EFBC}") = "OrderService", "services\OrderService\OrderService.csproj", "{AAAAAAAA-0000-0000-0000-000000000002}"
EndProject
Project("{FAE04EC0-301F-11D3-BF4B-00C04F79EFBC}") = "PaymentService", "services\PaymentService\PaymentService.csproj", "{AAAAAAAA-0000-0000-0000-000000000003}"
EndProject
Project("{FAE04EC0-301F-11D3-BF4B-00C04F79EFBC}") = "NotificationService", "services\NotificationService\NotificationService.csproj", "{AAAAAAAA-0000-0000-0000-000000000004}"
EndProject
Project("{FAE04EC0-301F-11D3-BF4B-00C04F79EFBC}") = "ApiTests", "tests\ApiTests\ApiTests.csproj", "{BBBBBBBB-0000-0000-0000-000000000001}"
EndProject
Project("{FAE04EC0-301F-11D3-BF4B-00C04F79EFBC}") = "ContractTests", "tests\ContractTests\ContractTests.csproj", "{BBBBBBBB-0000-0000-0000-000000000002}"
EndProject
Project("{FAE04EC0-301F-11D3-BF4B-00C04F79EFBC}") = "EventTests", "tests\EventTests\EventTests.csproj", "{BBBBBBBB-0000-0000-0000-000000000003}"
EndProject
Project("{FAE04EC0-301F-11D3-BF4B-00C04F79EFBC}") = "IntegrationTests", "tests\IntegrationTests\IntegrationTests.csproj", "{BBBBBBBB-0000-0000-0000-000000000004}"
EndProject
Project("{FAE04EC0-301F-11D3-BF4B-00C04F79EFBC}") = "E2eTests", "tests\E2eTests\E2eTests.csproj", "{BBBBBBBB-0000-0000-0000-000000000005}"
EndProject
Global
	GlobalSection(SolutionConfigurationPlatforms) = preSolution
		Debug|Any CPU = Debug|Any CPU
		Debug|x64 = Debug|x64
		Debug|x86 = Debug|x86
		Release|Any CPU = Release|Any CPU
		Release|x64 = Release|x64
		Release|x86 = Release|x86
	EndGlobalSection
	GlobalSection(ProjectConfigurationPlatforms) = postSolution
		{AAAAAAAA-0000-0000-0000-000000000001}.Debug|Any CPU.ActiveCfg = Debug|Any CPU
		{AAAAAAAA-0000-0000-0000-000000000001}.Debug|Any CPU.Build.0 = Debug|Any CPU
		{AAAAAAAA-0000-0000-0000-000000000001}.Debug|x64.ActiveCfg = Debug|Any CPU
		{AAAAAAAA-0000-0000-0000-000000000001}.Debug|x64.Build.0 = Debug|Any CPU
		{AAAAAAAA-0000-0000-0000-000000000001}.Debug|x86.ActiveCfg = Debug|Any CPU
		{AAAAAAAA-0000-0000-0000-000000000001}.Debug|x86.Build.0 = Debug|Any CPU
		{AAAAAAAA-0000-0000-0000-000000000001}.Release|Any CPU.ActiveCfg = Release|Any CPU
		{AAAAAAAA-0000-0000-0000-000000000001}.Release|Any CPU.Build.0 = Release|Any CPU
		{AAAAAAAA-0000-0000-0000-000000000001}.Release|x64.ActiveCfg = Release|Any CPU
		{AAAAAAAA-0000-0000-0000-000000000001}.Release|x64.Build.0 = Release|Any CPU
		{AAAAAAAA-0000-0000-0000-000000000001}.Release|x86.ActiveCfg = Release|Any CPU
		{AAAAAAAA-0000-0000-0000-000000000001}.Release|x86.Build.0 = Release|Any CPU
		{AAAAAAAA-0000-0000-0000-000000000002}.Debug|Any CPU.ActiveCfg = Debug|Any CPU
		{AAAAAAAA-0000-0000-0000-000000000002}.Debug|Any CPU.Build.0 = Debug|Any CPU
		{AAAAAAAA-0000-0000-0000-000000000002}.Debug|x64.ActiveCfg = Debug|Any CPU
		{AAAAAAAA-0000-0000-0000-000000000002}.Debug|x64.Build.0 = Debug|Any CPU
		{AAAAAAAA-0000-0000-0000-000000000002}.Debug|x86.ActiveCfg = Debug|Any CPU
		{AAAAAAAA-0000-0000-0000-000000000002}.Debug|x86.Build.0 = Debug|Any CPU
		{AAAAAAAA-0000-0000-0000-000000000002}.Release|Any CPU.ActiveCfg = Release|Any CPU
		{AAAAAAAA-0000-0000-0000-000000000002}.Release|Any CPU.Build.0 = Release|Any CPU
		{AAAAAAAA-0000-0000-0000-000000000002}.Release|x64.ActiveCfg = Release|Any CPU
		{AAAAAAAA-0000-0000-0000-000000000002}.Release|x64.Build.0 = Release|Any CPU
		{AAAAAAAA-0000-0000-0000-000000000002}.Release|x86.ActiveCfg = Release|Any CPU
		{AAAAAAAA-0000-0000-0000-000000000002}.Release|x86.Build.0 = Release|Any CPU
		{AAAAAAAA-0000-0000-0000-000000000003}.Debug|Any CPU.ActiveCfg = Debug|Any CPU
		{AAAAAAAA-0000-0000-0000-000000000003}.Debug|Any CPU.Build.0 = Debug|Any CPU
		{AAAAAAAA-0000-0000-0000-000000000003}.Debug|x64.ActiveCfg = Debug|Any CPU
		{AAAAAAAA-0000-0000-0000-000000000003}.Debug|x64.Build.0 = Debug|Any CPU
		{AAAAAAAA-0000-0000-0000-000000000003}.Debug|x86.ActiveCfg = Debug|Any CPU
		{AAAAAAAA-0000-0000-0000-000000000003}.Debug|x86.Build.0 = Debug|Any CPU
		{AAAAAAAA-0000-0000-0000-000000000003}.Release|Any CPU.ActiveCfg = Release|Any CPU
		{AAAAAAAA-0000-0000-0000-000000000003}.Release|Any CPU.Build.0 = Release|Any CPU
		{AAAAAAAA-0000-0000-0000-000000000003}.Release|x64.ActiveCfg = Release|Any CPU
		{AAAAAAAA-0000-0000-0000-000000000003}.Release|x64.Build.0 = Release|Any CPU
		{AAAAAAAA-0000-0000-0000-000000000003}.Release|x86.ActiveCfg = Release|Any CPU
		{AAAAAAAA-0000-0000-0000-000000000003}.Release|x86.Build.0 = Release|Any CPU
		{AAAAAAAA-0000-0000-0000-000000000004}.Debug|Any CPU.ActiveCfg = Debug|Any CPU
		{AAAAAAAA-0000-0000-0000-000000000004}.Debug|Any CPU.Build.0 = Debug|Any CPU
		{AAAAAAAA-0000-0000-0000-000000000004}.Debug|x64.ActiveCfg = Debug|Any CPU
		{AAAAAAAA-0000-0000-0000-000000000004}.Debug|x64.Build.0 = Debug|Any CPU
		{AAAAAAAA-0000-0000-0000-000000000004}.Debug|x86.ActiveCfg = Debug|Any CPU
		{AAAAAAAA-0000-0000-0000-000000000004}.Debug|x86.Build.0 = Debug|Any CPU
		{AAAAAAAA-0000-0000-0000-000000000004}.Release|Any CPU.ActiveCfg = Release|Any CPU
		{AAAAAAAA-0000-0000-0000-000000000004}.Release|Any CPU.Build.0 = Release|Any CPU
		{AAAAAAAA-0000-0000-0000-000000000004}.Release|x64.ActiveCfg = Release|Any CPU
		{AAAAAAAA-0000-0000-0000-000000000004}.Release|x64.Build.0 = Release|Any CPU
		{AAAAAAAA-0000-0000-0000-000000000004}.Release|x86.ActiveCfg = Release|Any CPU
		{AAAAAAAA-0000-0000-0000-000000000004}.Release|x86.Build.0 = Release|Any CPU
		{BBBBBBBB-0000-0000-0000-000000000001}.Debug|Any CPU.ActiveCfg = Debug|Any CPU
		{BBBBBBBB-0000-0000-0000-000000000001}.Debug|Any CPU.Build.0 = Debug|Any CPU
		{BBBBBBBB-0000-0000-0000-000000000001}.Debug|x64.ActiveCfg = Debug|Any CPU
		{BBBBBBBB-0000-0000-0000-000000000001}.Debug|x64.Build.0 = Debug|Any CPU
		{BBBBBBBB-0000-0000-0000-000000000001}.Debug|x86.ActiveCfg = Debug|Any CPU
		{BBBBBBBB-0000-0000-0000-000000000001}.Debug|x86.Build.0 = Debug|Any CPU
		{BBBBBBBB-0000-0000-0000-000000000001}.Release|Any CPU.ActiveCfg = Release|Any CPU
		{BBBBBBBB-0000-0000-0000-000000000001}.Release|Any CPU.Build.0 = Release|Any CPU
		{BBBBBBBB-0000-0000-0000-000000000001}.Release|x64.ActiveCfg = Release|Any CPU
		{BBBBBBBB-0000-0000-0000-000000000001}.Release|x64.Build.0 = Release|Any CPU
		{BBBBBBBB-0000-0000-0000-000000000001}.Release|x86.ActiveCfg = Release|Any CPU
		{BBBBBBBB-0000-0000-0000-000000000001}.Release|x86.Build.0 = Release|Any CPU
		{BBBBBBBB-0000-0000-0000-000000000002}.Debug|Any CPU.ActiveCfg = Debug|Any CPU
		{BBBBBBBB-0000-0000-0000-000000000002}.Debug|Any CPU.Build.0 = Debug|Any CPU
		{BBBBBBBB-0000-0000-0000-000000000002}.Debug|x64.ActiveCfg = Debug|Any CPU
		{BBBBBBBB-0000-0000-0000-000000000002}.Debug|x64.Build.0 = Debug|Any CPU
		{BBBBBBBB-0000-0000-0000-000000000002}.Debug|x86.ActiveCfg = Debug|Any CPU
		{BBBBBBBB-0000-0000-0000-000000000002}.Debug|x86.Build.0 = Debug|Any CPU
		{BBBBBBBB-0000-0000-0000-000000000002}.Release|Any CPU.ActiveCfg = Release|Any CPU
		{BBBBBBBB-0000-0000-0000-000000000002}.Release|Any CPU.Build.0 = Release|Any CPU
		{BBBBBBBB-0000-0000-0000-000000000002}.Release|x64.ActiveCfg = Release|Any CPU
		{BBBBBBBB-0000-0000-0000-000000000002}.Release|x64.Build.0 = Release|Any CPU
		{BBBBBBBB-0000-0000-0000-000000000002}.Release|x86.ActiveCfg = Release|Any CPU
		{BBBBBBBB-0000-0000-0000-000000000002}.Release|x86.Build.0 = Release|Any CPU
		{BBBBBBBB-0000-0000-0000-000000000003}.Debug|Any CPU.ActiveCfg = Debug|Any CPU
		{BBBBBBBB-0000-0000-0000-000000000003}.Debug|Any CPU.Build.0 = Debug|Any CPU
		{BBBBBBBB-0000-0000-0000-000000000003}.Debug|x64.ActiveCfg = Debug|Any CPU
		{BBBBBBBB-0000-0000-0000-000000000003}.Debug|x64.Build.0 = Debug|Any CPU
		{BBBBBBBB-0000-0000-0000-000000000003}.Debug|x86.ActiveCfg = Debug|Any CPU
		{BBBBBBBB-0000-0000-0000-000000000003}.Debug|x86.Build.0 = Debug|Any CPU
		{BBBBBBBB-0000-0000-0000-000000000003}.Release|Any CPU.ActiveCfg = Release|Any CPU
		{BBBBBBBB-0000-0000-0000-000000000003}.Release|Any CPU.Build.0 = Release|Any CPU
		{BBBBBBBB-0000-0000-0000-000000000003}.Release|x64.ActiveCfg = Release|Any CPU
		{BBBBBBBB-0000-0000-0000-000000000003}.Release|x64.Build.0 = Release|Any CPU
		{BBBBBBBB-0000-0000-0000-000000000003}.Release|x86.ActiveCfg = Release|Any CPU
		{BBBBBBBB-0000-0000-0000-000000000003}.Release|x86.Build.0 = Release|Any CPU
		{BBBBBBBB-0000-0000-0000-000000000004}.Debug|Any CPU.ActiveCfg = Debug|Any CPU
		{BBBBBBBB-0000-0000-0000-000000000004}.Debug|Any CPU.Build.0 = Debug|Any CPU
		{BBBBBBBB-0000-0000-0000-000000000004}.Debug|x64.ActiveCfg = Debug|Any CPU
		{BBBBBBBB-0000-0000-0000-000000000004}.Debug|x64.Build.0 = Debug|Any CPU
		{BBBBBBBB-0000-0000-0000-000000000004}.Debug|x86.ActiveCfg = Debug|Any CPU
		{BBBBBBBB-0000-0000-0000-000000000004}.Debug|x86.Build.0 = Debug|Any CPU
		{BBBBBBBB-0000-0000-0000-000000000004}.Release|Any CPU.ActiveCfg = Release|Any CPU
		{BBBBBBBB-0000-0000-0000-000000000004}.Release|Any CPU.Build.0 = Release|Any CPU
		{BBBBBBBB-0000-0000-0000-000000000004}.Release|x64.ActiveCfg = Release|Any CPU
		{BBBBBBBB-0000-0000-0000-000000000004}.Release|x64.Build.0 = Release|Any CPU
		{BBBBBBBB-0000-0000-0000-000000000004}.Release|x86.ActiveCfg = Release|Any CPU
		{BBBBBBBB-0000-0000-0000-000000000004}.Release|x86.Build.0 = Release|Any CPU
		{BBBBBBBB-0000-0000-0000-000000000005}.Debug|Any CPU.ActiveCfg = Debug|Any CPU
		{BBBBBBBB-0000-0000-0000-000000000005}.Debug|Any CPU.Build.0 = Debug|Any CPU
		{BBBBBBBB-0000-0000-0000-000000000005}.Debug|x64.ActiveCfg = Debug|Any CPU
		{BBBBBBBB-0000-0000-0000-000000000005}.Debug|x64.Build.0 = Debug|Any CPU
		{BBBBBBBB-0000-0000-0000-000000000005}.Debug|x86.ActiveCfg = Debug|Any CPU
		{BBBBBBBB-0000-0000-0000-000000000005}.Debug|x86.Build.0 = Debug|Any CPU
		{BBBBBBBB-0000-0000-0000-000000000005}.Release|Any CPU.ActiveCfg = Release|Any CPU
		{BBBBBBBB-0000-0000-0000-000000000005}.Release|Any CPU.Build.0 = Release|Any CPU
		{BBBBBBBB-0000-0000-0000-000000000005}.Release|x64.ActiveCfg = Release|Any CPU
		{BBBBBBBB-0000-0000-0000-000000000005}.Release|x64.Build.0 = Release|Any CPU
		{BBBBBBBB-0000-0000-0000-000000000005}.Release|x86.ActiveCfg = Release|Any CPU
		{BBBBBBBB-0000-0000-0000-000000000005}.Release|x86.Build.0 = Release|Any CPU
	EndGlobalSection
	GlobalSection(SolutionProperties) = preSolution
		HideSolutionNode = FALSE
	EndGlobalSection
	GlobalSection(NestedProjects) = preSolution
		{AAAAAAAA-0000-0000-0000-000000000001} = {11111111-0000-0000-0000-000000000001}
		{AAAAAAAA-0000-0000-0000-000000000002} = {11111111-0000-0000-0000-000000000001}
		{AAAAAAAA-0000-0000-0000-000000000003} = {11111111-0000-0000-0000-000000000001}
		{AAAAAAAA-0000-0000-0000-000000000004} = {11111111-0000-0000-0000-000000000001}
		{BBBBBBBB-0000-0000-0000-000000000001} = {11111111-0000-0000-0000-000000000002}
		{BBBBBBBB-0000-0000-0000-000000000002} = {11111111-0000-0000-0000-000000000002}
		{BBBBBBBB-0000-0000-0000-000000000003} = {11111111-0000-0000-0000-000000000002}
		{BBBBBBBB-0000-0000-0000-000000000004} = {11111111-0000-0000-0000-000000000002}
		{BBBBBBBB-0000-0000-0000-000000000005} = {11111111-0000-0000-0000-000000000002}
	EndGlobalSection
EndGlobal
